
Microsoft Visual Studio Solution File, Format Version 12.00
Project("{FAE04EC0-301F-11D3-BF4B-00C04F79EFBC}") = "MusicConverter.MusicSearch.SpotifyService", "MusicConverter.MusicSearch.SpotifyService\MusicConverter.MusicSearch.SpotifyService.csproj", "{A318DFE0-A260-42A5-881F-731289921018}"
EndProject
Project("{FAE04EC0-301F-11D3-BF4B-00C04F79EFBC}") = "MusicConverter.MusicSearch.YandexMusicService", "MusicConverter.MusicSearch.YandexMusicService\MusicConverter.MusicSearch.YandexMusicService.csproj", "{2982ABF4-4DCA-4FFB-8F0A-72F6E797BAEA}"
EndProject
Project("{FAE04EC0-301F-11D3-BF4B-00C04F79EFBC}") = "TelegramBot", "TelegramBot\TelegramBot.csproj", "{F541A7F3-04CB-4AB0-857D-36EBBB633C77}"
EndProject
Project("{FAE04EC0-301F-11D3-BF4B-00C04F79EFBC}") = "MusicConverter.PollingDaemon", "MusicConverter.PollingDaemon\MusicConverter.PollingDaemon.csproj", "{C191B94B-D4EA-4E62-B63E-7B544EBD4819}"
EndProject
Project("{FAE04EC0-301F-11D3-BF4B-00C04F79EFBC}") = "Loggers", "Loggers\Loggers.csproj", "{D2A203DE-44DD-4662-8E94-BD6674C26EC3}"
EndProject
Project("{FAE04EC0-301F-11D3-BF4B-00C04F79EFBC}") = "MusicConverter.MusicSearch.Api", "MusicConverter.MusicSearch.Api\MusicConverter.MusicSearch.Api.csproj", "{D9127560-5ED1-4DBE-932F-B879D89452D6}"
EndProject
Project("{2150E333-8FDC-42A3-9474-1A3956D46DE8}") = "MusicSearchApi", "MusicSearchApi", "{0BF372B6-7A0D-4B9E-9DF4-FB834902E629}"
EndProject
Project("{2150E333-8FDC-42A3-9474-1A3956D46DE8}") = "Core", "Core", "{E1AF8FB7-836B-421D-A348-D18A4D3B1B8D}"
EndProject
Project("{2150E333-8FDC-42A3-9474-1A3956D46DE8}") = "TelegramBot", "TelegramBot", "{CDCE237D-05E1-4745-BFA0-908DD52AB16D}"
EndProject
Project("{FAE04EC0-301F-11D3-BF4B-00C04F79EFBC}") = "RestClient", "RestClient\RestClient.csproj", "{E4835B63-3572-49DB-BD67-E35AC4613D0C}"
EndProject
Project("{FAE04EC0-301F-11D3-BF4B-00C04F79EFBC}") = "MusicConverter.MusicSearch.Client", "MusicConverter.MusicSearch.Client\MusicConverter.MusicSearch.Client.csproj", "{6BE31160-CBBE-41E6-8801-48DB613993FF}"
EndProject
Global
	GlobalSection(SolutionConfigurationPlatforms) = preSolution
		Debug|Any CPU = Debug|Any CPU
		Release|Any CPU = Release|Any CPU
	EndGlobalSection
	GlobalSection(ProjectConfigurationPlatforms) = postSolution
		{A318DFE0-A260-42A5-881F-731289921018}.Debug|Any CPU.ActiveCfg = Debug|Any CPU
		{A318DFE0-A260-42A5-881F-731289921018}.Debug|Any CPU.Build.0 = Debug|Any CPU
		{A318DFE0-A260-42A5-881F-731289921018}.Release|Any CPU.ActiveCfg = Release|Any CPU
		{A318DFE0-A260-42A5-881F-731289921018}.Release|Any CPU.Build.0 = Release|Any CPU
		{2982ABF4-4DCA-4FFB-8F0A-72F6E797BAEA}.Debug|Any CPU.ActiveCfg = Debug|Any CPU
		{2982ABF4-4DCA-4FFB-8F0A-72F6E797BAEA}.Debug|Any CPU.Build.0 = Debug|Any CPU
		{2982ABF4-4DCA-4FFB-8F0A-72F6E797BAEA}.Release|Any CPU.ActiveCfg = Release|Any CPU
		{2982ABF4-4DCA-4FFB-8F0A-72F6E797BAEA}.Release|Any CPU.Build.0 = Release|Any CPU
		{F541A7F3-04CB-4AB0-857D-36EBBB633C77}.Debug|Any CPU.ActiveCfg = Debug|Any CPU
		{F541A7F3-04CB-4AB0-857D-36EBBB633C77}.Debug|Any CPU.Build.0 = Debug|Any CPU
		{F541A7F3-04CB-4AB0-857D-36EBBB633C77}.Release|Any CPU.ActiveCfg = Release|Any CPU
		{F541A7F3-04CB-4AB0-857D-36EBBB633C77}.Release|Any CPU.Build.0 = Release|Any CPU
		{C191B94B-D4EA-4E62-B63E-7B544EBD4819}.Debug|Any CPU.ActiveCfg = Debug|Any CPU
		{C191B94B-D4EA-4E62-B63E-7B544EBD4819}.Debug|Any CPU.Build.0 = Debug|Any CPU
		{C191B94B-D4EA-4E62-B63E-7B544EBD4819}.Release|Any CPU.ActiveCfg = Release|Any CPU
		{C191B94B-D4EA-4E62-B63E-7B544EBD4819}.Release|Any CPU.Build.0 = Release|Any CPU
		{D2A203DE-44DD-4662-8E94-BD6674C26EC3}.Debug|Any CPU.ActiveCfg = Debug|Any CPU
		{D2A203DE-44DD-4662-8E94-BD6674C26EC3}.Debug|Any CPU.Build.0 = Debug|Any CPU
		{D2A203DE-44DD-4662-8E94-BD6674C26EC3}.Release|Any CPU.ActiveCfg = Release|Any CPU
		{D2A203DE-44DD-4662-8E94-BD6674C26EC3}.Release|Any CPU.Build.0 = Release|Any CPU
		{D9127560-5ED1-4DBE-932F-B879D89452D6}.Debug|Any CPU.ActiveCfg = Debug|Any CPU
		{D9127560-5ED1-4DBE-932F-B879D89452D6}.Debug|Any CPU.Build.0 = Debug|Any CPU
		{D9127560-5ED1-4DBE-932F-B879D89452D6}.Release|Any CPU.ActiveCfg = Release|Any CPU
		{D9127560-5ED1-4DBE-932F-B879D89452D6}.Release|Any CPU.Build.0 = Release|Any CPU
		{E4835B63-3572-49DB-BD67-E35AC4613D0C}.Debug|Any CPU.ActiveCfg = Debug|Any CPU
		{E4835B63-3572-49DB-BD67-E35AC4613D0C}.Debug|Any CPU.Build.0 = Debug|Any CPU
		{E4835B63-3572-49DB-BD67-E35AC4613D0C}.Release|Any CPU.ActiveCfg = Release|Any CPU
		{E4835B63-3572-49DB-BD67-E35AC4613D0C}.Release|Any CPU.Build.0 = Release|Any CPU
		{6BE31160-CBBE-41E6-8801-48DB613993FF}.Debug|Any CPU.ActiveCfg = Debug|Any CPU
		{6BE31160-CBBE-41E6-8801-48DB613993FF}.Debug|Any CPU.Build.0 = Debug|Any CPU
		{6BE31160-CBBE-41E6-8801-48DB613993FF}.Release|Any CPU.ActiveCfg = Release|Any CPU
		{6BE31160-CBBE-41E6-8801-48DB613993FF}.Release|Any CPU.Build.0 = Release|Any CPU
	EndGlobalSection
	GlobalSection(NestedProjects) = preSolution
		{D9127560-5ED1-4DBE-932F-B879D89452D6} = {0BF372B6-7A0D-4B9E-9DF4-FB834902E629}
		{A318DFE0-A260-42A5-881F-731289921018} = {0BF372B6-7A0D-4B9E-9DF4-FB834902E629}
		{2982ABF4-4DCA-4FFB-8F0A-72F6E797BAEA} = {0BF372B6-7A0D-4B9E-9DF4-FB834902E629}
		{D2A203DE-44DD-4662-8E94-BD6674C26EC3} = {E1AF8FB7-836B-421D-A348-D18A4D3B1B8D}
		{C191B94B-D4EA-4E62-B63E-7B544EBD4819} = {CDCE237D-05E1-4745-BFA0-908DD52AB16D}
		{F541A7F3-04CB-4AB0-857D-36EBBB633C77} = {CDCE237D-05E1-4745-BFA0-908DD52AB16D}
		{E4835B63-3572-49DB-BD67-E35AC4613D0C} = {E1AF8FB7-836B-421D-A348-D18A4D3B1B8D}
		{6BE31160-CBBE-41E6-8801-48DB613993FF} = {0BF372B6-7A0D-4B9E-9DF4-FB834902E629}
	EndGlobalSection
EndGlobal
